<?xml version="1.0" encoding="utf-8"?>
<Project ToolsVersion="4.0" xmlns="http://schemas.microsoft.com/developer/msbuild/2003">
  <ItemGroup>
    <Filter Include="헤더 파일">
      <UniqueIdentifier>{93995380-89BD-4b04-88EB-625FBE52EBFB}</UniqueIdentifier>
      <Extensions>h;hh;hpp;hxx;h++;hm;inl;inc;ipp;xsd</Extensions>
    </Filter>
    <Filter Include="리소스 파일">
      <UniqueIdentifier>{67DA6AB6-F800-4c08-8B7A-83BB121AAD01}</UniqueIdentifier>
      <Extensions>rc;ico;cur;bmp;dlg;rc2;rct;bin;rgs;gif;jpg;jpeg;jpe;resx;tiff;tif;png;wav;mfcribbon-ms</Extensions>
    </Filter>
    <Filter Include="리소스 파일\소스 파일">
      <UniqueIdentifier>{4FC737F1-C7A5-4376-A066-2A32D752A2FF}</UniqueIdentifier>
      <Extensions>cpp;c;cc;cxx;c++;def;odl;idl;hpj;bat;asm;asmx</Extensions>
    </Filter>
  </ItemGroup>
  <ItemGroup>
    <ClCompile Include="1001_output_1.cpp">
      <Filter>리소스 파일\소스 파일</Filter>
    </ClCompile>
    <ClCompile Include="1002_output_2.cpp">
      <Filter>리소스 파일\소스 파일</Filter>
    </ClCompile>
    <ClCompile Include="1003_output_3.cpp">
      <Filter>리소스 파일\소스 파일</Filter>
    </ClCompile>
    <ClCompile Include="1005_output_5.cpp">
      <Filter>리소스 파일\소스 파일</Filter>
    </ClCompile>
    <ClCompile Include="1004_output_4.cpp">
      <Filter>리소스 파일\소스 파일</Filter>
    </ClCompile>
    <ClCompile Include="1006_output_6.cpp">
      <Filter>리소스 파일\소스 파일</Filter>
    </ClCompile>
    <ClCompile Include="1007_output_7.cpp">
      <Filter>리소스 파일\소스 파일</Filter>
    </ClCompile>
    <ClCompile Include="1008_output_8.cpp">
      <Filter>리소스 파일\소스 파일</Filter>
    </ClCompile>
    <ClCompile Include="1010_in_out1.cpp">
      <Filter>리소스 파일\소스 파일</Filter>
    </ClCompile>
    <ClCompile Include="1011_in_out2.cpp">
      <Filter>리소스 파일\소스 파일</Filter>
    </ClCompile>
    <ClCompile Include="1012_in_out3.cpp">
      <Filter>리소스 파일\소스 파일</Filter>
    </ClCompile>
    <ClCompile Include="1013_in_out4.cpp">
      <Filter>리소스 파일\소스 파일</Filter>
    </ClCompile>
    <ClCompile Include="1014_in_out5.cpp">
      <Filter>리소스 파일\소스 파일</Filter>
    </ClCompile>
    <ClCompile Include="1015_in_out6.cpp">
      <Filter>리소스 파일\소스 파일</Filter>
    </ClCompile>
    <ClCompile Include="1017_in_out7.cpp">
      <Filter>리소스 파일\소스 파일</Filter>
    </ClCompile>
    <ClCompile Include="1018_in_out_8.cpp">
      <Filter>리소스 파일\소스 파일</Filter>
    </ClCompile>
    <ClCompile Include="1019_in_out_9.cpp">
      <Filter>리소스 파일\소스 파일</Filter>
    </ClCompile>
    <ClCompile Include="1020_in_out_10.cpp">
      <Filter>리소스 파일\소스 파일</Filter>
    </ClCompile>
    <ClCompile Include="1021_in_out_11.cpp">
      <Filter>리소스 파일\소스 파일</Filter>
    </ClCompile>
    <ClCompile Include="1022_in_out_12.cpp">
      <Filter>리소스 파일\소스 파일</Filter>
    </ClCompile>
    <ClCompile Include="1023_in_out_13.cpp">
      <Filter>리소스 파일\소스 파일</Filter>
    </ClCompile>
    <ClCompile Include="1024_in_out_14.cpp">
      <Filter>리소스 파일\소스 파일</Filter>
    </ClCompile>
    <ClCompile Include="1025_in_out_15.cpp">
      <Filter>리소스 파일\소스 파일</Filter>
    </ClCompile>
    <ClCompile Include="1038_op_1.cpp">
      <Filter>리소스 파일\소스 파일</Filter>
    </ClCompile>
    <ClCompile Include="1039_op_2.cpp">
      <Filter>리소스 파일\소스 파일</Filter>
    </ClCompile>
    <ClCompile Include="1040_op_3.cpp">
      <Filter>리소스 파일\소스 파일</Filter>
    </ClCompile>
    <ClCompile Include="1041_op_4.cpp">
      <Filter>리소스 파일\소스 파일</Filter>
    </ClCompile>
    <ClCompile Include="1042_op_5.cpp">
      <Filter>리소스 파일\소스 파일</Filter>
    </ClCompile>
    <ClCompile Include="1043_op_6.cpp">
      <Filter>리소스 파일\소스 파일</Filter>
    </ClCompile>
    <ClCompile Include="1044_op_7.cpp">
      <Filter>리소스 파일\소스 파일</Filter>
    </ClCompile>
  </ItemGroup>
</Project>